
Microsoft Visual Studio Solution File, Format Version 12.00
# Visual Studio Version 17
VisualStudioVersion = 17.8.34309.116
MinimumVisualStudioVersion = 10.0.40219.1
Project("{FAE04EC0-301F-11D3-BF4B-00C04F79EFBC}") = "SudokuGameWPF", "SudokuGameWPF\SudokuGameWPF.csproj", "{FE8FC171-F975-4A45-AF2E-72E67B14510B}"
EndProject
Global
	GlobalSection(SolutionConfigurationPlatforms) = preSolution
		Debug|Any CPU = Debug|Any CPU
		Release|Any CPU = Release|Any CPU
	EndGlobalSection
	GlobalSection(ProjectConfigurationPlatforms) = postSolution
		{FE8FC171-F975-4A45-AF2E-72E67B14510B}.Debug|Any CPU.ActiveCfg = Debug|Any CPU
		{FE8FC171-F975-4A45-AF2E-72E67B14510B}.Debug|Any CPU.Build.0 = Debug|Any CPU
		{FE8FC171-F975-4A45-AF2E-72E67B14510B}.Release|Any CPU.ActiveCfg = Release|Any CPU
		{FE8FC171-F975-4A45-AF2E-72E67B14510B}.Release|Any CPU.Build.0 = Release|Any CPU
	EndGlobalSection
	GlobalSection(SolutionProperties) = preSolution
		HideSolutionNode = FALSE
	EndGlobalSection
	GlobalSection(ExtensibilityGlobals) = postSolution
		SolutionGuid = {B0A0FE2C-E53A-4256-B56F-72AAAE58BB7D}
	EndGlobalSection
EndGlobal
